
Microsoft Visual Studio Solution File, Format Version 12.00
# Visual Studio 15
VisualStudioVersion = 15.0.28307.168
MinimumVisualStudioVersion = 10.0.40219.1
Project("{FAE04EC0-301F-11D3-BF4B-00C04F79EFBC}") = "SlackIPSenderCore", "SlackIPSenderCore\SlackIPSenderCore.csproj", "{EC0A3BC9-BF26-47E6-BC97-4CB00BD3DBA6}"
EndProject
Global
	GlobalSection(SolutionConfigurationPlatforms) = preSolution
		Debug|Any CPU = Debug|Any CPU
		Release|Any CPU = Release|Any CPU
	EndGlobalSection
	GlobalSection(ProjectConfigurationPlatforms) = postSolution
		{EC0A3BC9-BF26-47E6-BC97-4CB00BD3DBA6}.Debug|Any CPU.ActiveCfg = Debug|Any CPU
		{EC0A3BC9-BF26-47E6-BC97-4CB00BD3DBA6}.Debug|Any CPU.Build.0 = Debug|Any CPU
		{EC0A3BC9-BF26-47E6-BC97-4CB00BD3DBA6}.Release|Any CPU.ActiveCfg = Release|Any CPU
		{EC0A3BC9-BF26-47E6-BC97-4CB00BD3DBA6}.Release|Any CPU.Build.0 = Release|Any CPU
	EndGlobalSection
	GlobalSection(SolutionProperties) = preSolution
		HideSolutionNode = FALSE
	EndGlobalSection
	GlobalSection(ExtensibilityGlobals) = postSolution
		SolutionGuid = {CBD4BD9B-5E34-4D07-A712-85E698E67D1E}
	EndGlobalSection
EndGlobal
